// !$*UTF8*$!
{
	archiveVersion = 1;
	classes = {
	};
	objectVersion = 46;
	objects = {

/* Begin PBXBuildFile section */
		03C045B71DEBE5A800AD9233 /* MVCacheManager.swift in Sources */ = {isa = PBXBuildFile; fileRef = 03C045B61DEBE5A800AD9233 /* MVCacheManager.swift */; };
		03C045B81DEBE5A800AD9233 /* MVCacheManager.swift in Sources */ = {isa = PBXBuildFile; fileRef = 03C045B61DEBE5A800AD9233 /* MVCacheManager.swift */; };
		1D01573A1DE8C93700EA05D5 /* MVDownloaderTests.swift in Sources */ = {isa = PBXBuildFile; fileRef = 1D0157391DE8C93700EA05D5 /* MVDownloaderTests.swift */; };
		1DA37A6D1DE8C63200641BEB /* MVDownloader.swift in Sources */ = {isa = PBXBuildFile; fileRef = 1DE2397A1DE8C08C00C72940 /* MVDownloader.swift */; };
		1DE2395B1DE8B7A600C72940 /* AppDelegate.swift in Sources */ = {isa = PBXBuildFile; fileRef = 1DE2395A1DE8B7A600C72940 /* AppDelegate.swift */; };
		1DE2395D1DE8B7A600C72940 /* ViewController.swift in Sources */ = {isa = PBXBuildFile; fileRef = 1DE2395C1DE8B7A600C72940 /* ViewController.swift */; };
		1DE239601DE8B7A600C72940 /* Main.storyboard in Resources */ = {isa = PBXBuildFile; fileRef = 1DE2395E1DE8B7A600C72940 /* Main.storyboard */; };
		1DE239621DE8B7A600C72940 /* Assets.xcassets in Resources */ = {isa = PBXBuildFile; fileRef = 1DE239611DE8B7A600C72940 /* Assets.xcassets */; };
		1DE239651DE8B7A600C72940 /* LaunchScreen.storyboard in Resources */ = {isa = PBXBuildFile; fileRef = 1DE239631DE8B7A600C72940 /* LaunchScreen.storyboard */; };
		1DE239701DE8B7A600C72940 /* MindValleyTests.swift in Sources */ = {isa = PBXBuildFile; fileRef = 1DE2396F1DE8B7A600C72940 /* MindValleyTests.swift */; };
		1DE2397B1DE8C08C00C72940 /* MVDownloader.swift in Sources */ = {isa = PBXBuildFile; fileRef = 1DE2397A1DE8C08C00C72940 /* MVDownloader.swift */; };
/* End PBXBuildFile section */

/* Begin PBXContainerItemProxy section */
		1DE2396C1DE8B7A600C72940 /* PBXContainerItemProxy */ = {
			isa = PBXContainerItemProxy;
			containerPortal = 1DE2394F1DE8B7A600C72940 /* Project object */;
			proxyType = 1;
			remoteGlobalIDString = 1DE239561DE8B7A600C72940;
			remoteInfo = MindValley;
		};
/* End PBXContainerItemProxy section */

/* Begin PBXFileReference section */
		03C045B61DEBE5A800AD9233 /* MVCacheManager.swift */ = {isa = PBXFileReference; fileEncoding = 4; lastKnownFileType = sourcecode.swift; path = MVCacheManager.swift; sourceTree = "<group>"; };
		1D0157391DE8C93700EA05D5 /* MVDownloaderTests.swift */ = {isa = PBXFileReference; fileEncoding = 4; lastKnownFileType = sourcecode.swift; path = MVDownloaderTests.swift; sourceTree = "<group>"; };
		1DE239571DE8B7A600C72940 /* MindValley.app */ = {isa = PBXFileReference; explicitFileType = wrapper.application; includeInIndex = 0; path = MindValley.app; sourceTree = BUILT_PRODUCTS_DIR; };
		1DE2395A1DE8B7A600C72940 /* AppDelegate.swift */ = {isa = PBXFileReference; lastKnownFileType = sourcecode.swift; path = AppDelegate.swift; sourceTree = "<group>"; };
		1DE2395C1DE8B7A600C72940 /* ViewController.swift */ = {isa = PBXFileReference; lastKnownFileType = sourcecode.swift; path = ViewController.swift; sourceTree = "<group>"; };
		1DE2395F1DE8B7A600C72940 /* Base */ = {isa = PBXFileReference; lastKnownFileType = file.storyboard; name = Base; path = Base.lproj/Main.storyboard; sourceTree = "<group>"; };
		1DE239611DE8B7A600C72940 /* Assets.xcassets */ = {isa = PBXFileReference; lastKnownFileType = folder.assetcatalog; path = Assets.xcassets; sourceTree = "<group>"; };
		1DE239641DE8B7A600C72940 /* Base */ = {isa = PBXFileReference; lastKnownFileType = file.storyboard; name = Base; path = Base.lproj/LaunchScreen.storyboard; sourceTree = "<group>"; };
		1DE239661DE8B7A600C72940 /* Info.plist */ = {isa = PBXFileReference; lastKnownFileType = text.plist.xml; path = Info.plist; sourceTree = "<group>"; };
		1DE2396B1DE8B7A600C72940 /* MindValleyTests.xctest */ = {isa = PBXFileReference; explicitFileType = wrapper.cfbundle; includeInIndex = 0; path = MindValleyTests.xctest; sourceTree = BUILT_PRODUCTS_DIR; };
		1DE2396F1DE8B7A600C72940 /* MindValleyTests.swift */ = {isa = PBXFileReference; lastKnownFileType = sourcecode.swift; path = MindValleyTests.swift; sourceTree = "<group>"; };
		1DE239711DE8B7A600C72940 /* Info.plist */ = {isa = PBXFileReference; lastKnownFileType = text.plist.xml; path = Info.plist; sourceTree = "<group>"; };
		1DE2397A1DE8C08C00C72940 /* MVDownloader.swift */ = {isa = PBXFileReference; fileEncoding = 4; lastKnownFileType = sourcecode.swift; path = MVDownloader.swift; sourceTree = "<group>"; };
/* End PBXFileReference section */

/* Begin PBXFrameworksBuildPhase section */
		1DE239541DE8B7A600C72940 /* Frameworks */ = {
			isa = PBXFrameworksBuildPhase;
			buildActionMask = 2147483647;
			files = (
			);
			runOnlyForDeploymentPostprocessing = 0;
		};
		1DE239681DE8B7A600C72940 /* Frameworks */ = {
			isa = PBXFrameworksBuildPhase;
			buildActionMask = 2147483647;
			files = (
			);
			runOnlyForDeploymentPostprocessing = 0;
		};
/* End PBXFrameworksBuildPhase section */

/* Begin PBXGroup section */
		1DE2394E1DE8B7A600C72940 = {
			isa = PBXGroup;
			children = (
				1DE239591DE8B7A600C72940 /* MindValley */,
				1DE2396E1DE8B7A600C72940 /* MindValleyTests */,
				1DE239581DE8B7A600C72940 /* Products */,
			);
			sourceTree = "<group>";
		};
		1DE239581DE8B7A600C72940 /* Products */ = {
			isa = PBXGroup;
			children = (
				1DE239571DE8B7A600C72940 /* MindValley.app */,
				1DE2396B1DE8B7A600C72940 /* MindValleyTests.xctest */,
			);
			name = Products;
			sourceTree = "<group>";
		};
		1DE239591DE8B7A600C72940 /* MindValley */ = {
			isa = PBXGroup;
			children = (
				1DE2395A1DE8B7A600C72940 /* AppDelegate.swift */,
				1DE2395C1DE8B7A600C72940 /* ViewController.swift */,
				1DE2397A1DE8C08C00C72940 /* MVDownloader.swift */,
				03C045B61DEBE5A800AD9233 /* MVCacheManager.swift */,
				1DE2395E1DE8B7A600C72940 /* Main.storyboard */,
				1DE239611DE8B7A600C72940 /* Assets.xcassets */,
				1DE239631DE8B7A600C72940 /* LaunchScreen.storyboard */,
				1DE239661DE8B7A600C72940 /* Info.plist */,
			);
			path = MindValley;
			sourceTree = "<group>";
		};
		1DE2396E1DE8B7A600C72940 /* MindValleyTests */ = {
			isa = PBXGroup;
			children = (
				1DE2396F1DE8B7A600C72940 /* MindValleyTests.swift */,
				1D0157391DE8C93700EA05D5 /* MVDownloaderTests.swift */,
				1DE239711DE8B7A600C72940 /* Info.plist */,
			);
			path = MindValleyTests;
			sourceTree = "<group>";
		};
/* End PBXGroup section */

/* Begin PBXNativeTarget section */
		1DE239561DE8B7A600C72940 /* MindValley */ = {
			isa = PBXNativeTarget;
			buildConfigurationList = 1DE239741DE8B7A600C72940 /* Build configuration list for PBXNativeTarget "MindValley" */;
			buildPhases = (
				1DE239531DE8B7A600C72940 /* Sources */,
				1DE239541DE8B7A600C72940 /* Frameworks */,
				1DE239551DE8B7A600C72940 /* Resources */,
			);
			buildRules = (
			);
			dependencies = (
			);
			name = MindValley;
			productName = MindValley;
			productReference = 1DE239571DE8B7A600C72940 /* MindValley.app */;
			productType = "com.apple.product-type.application";
		};
		1DE2396A1DE8B7A600C72940 /* MindValleyTests */ = {
			isa = PBXNativeTarget;
			buildConfigurationList = 1DE239771DE8B7A600C72940 /* Build configuration list for PBXNativeTarget "MindValleyTests" */;
			buildPhases = (
				1DE239671DE8B7A600C72940 /* Sources */,
				1DE239681DE8B7A600C72940 /* Frameworks */,
				1DE239691DE8B7A600C72940 /* Resources */,
			);
			buildRules = (
			);
			dependencies = (
				1DE2396D1DE8B7A600C72940 /* PBXTargetDependency */,
			);
			name = MindValleyTests;
			productName = MindValleyTests;
			productReference = 1DE2396B1DE8B7A600C72940 /* MindValleyTests.xctest */;
			productType = "com.apple.product-type.bundle.unit-test";
		};
/* End PBXNativeTarget section */

/* Begin PBXProject section */
		1DE2394F1DE8B7A600C72940 /* Project object */ = {
			isa = PBXProject;
			attributes = {
				LastSwiftUpdateCheck = 0800;
				LastUpgradeCheck = 0800;
				ORGANIZATIONNAME = bienemann;
				TargetAttributes = {
					1DE239561DE8B7A600C72940 = {
						CreatedOnToolsVersion = 8.0;
						DevelopmentTeam = V477Q9C9J7;
						ProvisioningStyle = Automatic;
					};
					1DE2396A1DE8B7A600C72940 = {
						CreatedOnToolsVersion = 8.0;
						DevelopmentTeam = V477Q9C9J7;
						ProvisioningStyle = Automatic;
						TestTargetID = 1DE239561DE8B7A600C72940;
					};
				};
			};
			buildConfigurationList = 1DE239521DE8B7A600C72940 /* Build configuration list for PBXProject "MindValley" */;
			compatibilityVersion = "Xcode 3.2";
			developmentRegion = English;
			hasScannedForEncodings = 0;
			knownRegions = (
				en,
				Base,
			);
			mainGroup = 1DE2394E1DE8B7A600C72940;
			productRefGroup = 1DE239581DE8B7A600C72940 /* Products */;
			projectDirPath = "";
			projectRoot = "";
			targets = (
				1DE239561DE8B7A600C72940 /* MindValley */,
				1DE2396A1DE8B7A600C72940 /* MindValleyTests */,
			);
		};
/* End PBXProject section */

/* Begin PBXResourcesBuildPhase section */
		1DE239551DE8B7A600C72940 /* Resources */ = {
			isa = PBXResourcesBuildPhase;
			buildActionMask = 2147483647;
			files = (
				1DE239651DE8B7A600C72940 /* LaunchScreen.storyboard in Resources */,
				1DE239621DE8B7A600C72940 /* Assets.xcassets in Resources */,
				1DE239601DE8B7A600C72940 /* Main.storyboard in Resources */,
			);
			runOnlyForDeploymentPostprocessing = 0;
		};
		1DE239691DE8B7A600C72940 /* Resources */ = {
			isa = PBXResourcesBuildPhase;
			buildActionMask = 2147483647;
			files = (
			);
			runOnlyForDeploymentPostprocessing = 0;
		};
/* End PBXResourcesBuildPhase section */

/* Begin PBXSourcesBuildPhase section */
		1DE239531DE8B7A600C72940 /* Sources */ = {
			isa = PBXSourcesBuildPhase;
			buildActionMask = 2147483647;
			files = (
				1DE2395D1DE8B7A600C72940 /* ViewController.swift in Sources */,
				03C045B71DEBE5A800AD9233 /* MVCacheManager.swift in Sources */,
				1DE2397B1DE8C08C00C72940 /* MVDownloader.swift in Sources */,
				1DE2395B1DE8B7A600C72940 /* AppDelegate.swift in Sources */,
			);
			runOnlyForDeploymentPostprocessing = 0;
		};
		1DE239671DE8B7A600C72940 /* Sources */ = {
			isa = PBXSourcesBuildPhase;
			buildActionMask = 2147483647;
			files = (
				1DE239701DE8B7A600C72940 /* MindValleyTests.swift in Sources */,
				03C045B81DEBE5A800AD9233 /* MVCacheManager.swift in Sources */,
				1DA37A6D1DE8C63200641BEB /* MVDownloader.swift in Sources */,
				1D01573A1DE8C93700EA05D5 /* MVDownloaderTests.swift in Sources */,
			);
			runOnlyForDeploymentPostprocessing = 0;
		};
/* End PBXSourcesBuildPhase section */

/* Begin PBXTargetDependency section */
		1DE2396D1DE8B7A600C72940 /* PBXTargetDependency */ = {
			isa = PBXTargetDependency;
			target = 1DE239561DE8B7A600C72940 /* MindValley */;
			targetProxy = 1DE2396C1DE8B7A600C72940 /* PBXContainerItemProxy */;
		};
/* End PBXTargetDependency section */

/* Begin PBXVariantGroup section */
		1DE2395E1DE8B7A600C72940 /* Main.storyboard */ = {
			isa = PBXVariantGroup;
			children = (
				1DE2395F1DE8B7A600C72940 /* Base */,
			);
			name = Main.storyboard;
			sourceTree = "<group>";
		};
		1DE239631DE8B7A600C72940 /* LaunchScreen.storyboard */ = {
			isa = PBXVariantGroup;
			children = (
				1DE239641DE8B7A600C72940 /* Base */,
			);
			name = LaunchScreen.storyboard;
			sourceTree = "<group>";
		};
/* End PBXVariantGroup section */

/* Begin XCBuildConfiguration section */
		1DE239721DE8B7A600C72940 /* Debug */ = {
			isa = XCBuildConfiguration;
			buildSettings = {
				ALWAYS_SEARCH_USER_PATHS = NO;
				CLANG_ANALYZER_NONNULL = YES;
				CLANG_CXX_LANGUAGE_STANDARD = "gnu++0x";
				CLANG_CXX_LIBRARY = "libc++";
				CLANG_ENABLE_MODULES = YES;
				CLANG_ENABLE_OBJC_ARC = YES;
				CLANG_WARN_BOOL_CONVERSION = YES;
				CLANG_WARN_CONSTANT_CONVERSION = YES;
				CLANG_WARN_DIRECT_OBJC_ISA_USAGE = YES_ERROR;
				CLANG_WARN_DOCUMENTATION_COMMENTS = YES;
				CLANG_WARN_EMPTY_BODY = YES;
				CLANG_WARN_ENUM_CONVERSION = YES;
				CLANG_WARN_INFINITE_RECURSION = YES;
				CLANG_WARN_INT_CONVERSION = YES;
				CLANG_WARN_OBJC_ROOT_CLASS = YES_ERROR;
				CLANG_WARN_SUSPICIOUS_MOVES = YES;
				CLANG_WARN_UNREACHABLE_CODE = YES;
				CLANG_WARN__DUPLICATE_METHOD_MATCH = YES;
				"CODE_SIGN_IDENTITY[sdk=iphoneos*]" = "iPhone Developer";
				COPY_PHASE_STRIP = NO;
				DEBUG_INFORMATION_FORMAT = dwarf;
				ENABLE_STRICT_OBJC_MSGSEND = YES;
				ENABLE_TESTABILITY = YES;
				GCC_C_LANGUAGE_STANDARD = gnu99;
				GCC_DYNAMIC_NO_PIC = NO;
				GCC_NO_COMMON_BLOCKS = YES;
				GCC_OPTIMIZATION_LEVEL = 0;
				GCC_PREPROCESSOR_DEFINITIONS = (
					"DEBUG=1",
					"$(inherited)",
				);
				GCC_WARN_64_TO_32_BIT_CONVERSION = YES;
				GCC_WARN_ABOUT_RETURN_TYPE = YES_ERROR;
				GCC_WARN_UNDECLARED_SELECTOR = YES;
				GCC_WARN_UNINITIALIZED_AUTOS = YES_AGGRESSIVE;
				GCC_WARN_UNUSED_FUNCTION = YES;
				GCC_WARN_UNUSED_VARIABLE = YES;
				IPHONEOS_DEPLOYMENT_TARGET = 8.0;
				MTL_ENABLE_DEBUG_INFO = YES;
				ONLY_ACTIVE_ARCH = YES;
				SDKROOT = iphoneos;
				SWIFT_ACTIVE_COMPILATION_CONDITIONS = DEBUG;
				SWIFT_OPTIMIZATION_LEVEL = "-Onone";
			};
			name = Debug;
		};
		1DE239731DE8B7A600C72940 /* Release */ = {
			isa = XCBuildConfiguration;
			buildSettings = {
				ALWAYS_SEARCH_USER_PATHS = NO;
				CLANG_ANALYZER_NONNULL = YES;
				CLANG_CXX_LANGUAGE_STANDARD = "gnu++0x";
				CLANG_CXX_LIBRARY = "libc++";
				CLANG_ENABLE_MODULES = YES;
				CLANG_ENABLE_OBJC_ARC = YES;
				CLANG_WARN_BOOL_CONVERSION = YES;
				CLANG_WARN_CONSTANT_CONVERSION = YES;
				CLANG_WARN_DIRECT_OBJC_ISA_USAGE = YES_ERROR;
				CLANG_WARN_DOCUMENTATION_COMMENTS = YES;
				CLANG_WARN_EMPTY_BODY = YES;
				CLANG_WARN_ENUM_CONVERSION = YES;
				CLANG_WARN_INFINITE_RECURSION = YES;
				CLANG_WARN_INT_CONVERSION = YES;
				CLANG_WARN_OBJC_ROOT_CLASS = YES_ERROR;
				CLANG_WARN_SUSPICIOUS_MOVES = YES;
				CLANG_WARN_UNREACHABLE_CODE = YES;
				CLANG_WARN__DUPLICATE_METHOD_MATCH = YES;
				"CODE_SIGN_IDENTITY[sdk=iphoneos*]" = "iPhone Developer";
				COPY_PHASE_STRIP = NO;
				DEBUG_INFORMATION_FORMAT = "dwarf-with-dsym";
				ENABLE_NS_ASSERTIONS = NO;
				ENABLE_STRICT_OBJC_MSGSEND = YES;
				GCC_C_LANGUAGE_STANDARD = gnu99;
				GCC_NO_COMMON_BLOCKS = YES;
				GCC_WARN_64_TO_32_BIT_CONVERSION = YES;
				GCC_WARN_ABOUT_RETURN_TYPE = YES_ERROR;
				GCC_WARN_UNDECLARED_SELECTOR = YES;
				GCC_WARN_UNINITIALIZED_AUTOS = YES_AGGRESSIVE;
				GCC_WARN_UNUSED_FUNCTION = YES;
				GCC_WARN_UNUSED_VARIABLE = YES;
				IPHONEOS_DEPLOYMENT_TARGET = 8.0;
				MTL_ENABLE_DEBUG_INFO = NO;
				SDKROOT = iphoneos;
				SWIFT_OPTIMIZATION_LEVEL = "-Owholemodule";
				VALIDATE_PRODUCT = YES;
			};
			name = Release;
		};
		1DE239751DE8B7A600C72940 /* Debug */ = {
			isa = XCBuildConfiguration;
			buildSettings = {
				ASSETCATALOG_COMPILER_APPICON_NAME = AppIcon;
				DEFINES_MODULE = YES;
				DEVELOPMENT_TEAM = V477Q9C9J7;
				INFOPLIST_FILE = MindValley/Info.plist;
				IPHONEOS_DEPLOYMENT_TARGET = 8.0;
				LD_RUNPATH_SEARCH_PATHS = "$(inherited) @executable_path/Frameworks";
				PRODUCT_BUNDLE_IDENTIFIER = com.bienemann.MindValley;
				PRODUCT_NAME = "$(TARGET_NAME)";
				SWIFT_VERSION = 3.0;
			};
			name = Debug;
		};
		1DE239761DE8B7A600C72940 /* Release */ = {
			isa = XCBuildConfiguration;
			buildSettings = {
				ASSETCATALOG_COMPILER_APPICON_NAME = AppIcon;
				DEFINES_MODULE = YES;
				DEVELOPMENT_TEAM = V477Q9C9J7;
				INFOPLIST_FILE = MindValley/Info.plist;
				IPHONEOS_DEPLOYMENT_TARGET = 8.0;
				LD_RUNPATH_SEARCH_PATHS = "$(inherited) @executable_path/Frameworks";
				PRODUCT_BUNDLE_IDENTIFIER = com.bienemann.MindValley;
				PRODUCT_NAME = "$(TARGET_NAME)";
				SWIFT_VERSION = 3.0;
			};
			name = Release;
		};
		1DE239781DE8B7A600C72940 /* Debug */ = {
			isa = XCBuildConfiguration;
			buildSettings = {
				ALWAYS_EMBED_SWIFT_STANDARD_LIBRARIES = YES;
				BUNDLE_LOADER = "$(TEST_HOST)";
				DEFINES_MODULE = YES;
				DEVELOPMENT_TEAM = V477Q9C9J7;
				INFOPLIST_FILE = MindValleyTests/Info.plist;
				LD_RUNPATH_SEARCH_PATHS = "$(inherited) @executable_path/Frameworks @loader_path/Frameworks";
				PRODUCT_BUNDLE_IDENTIFIER = com.bienemann.MindValleyTests;
				PRODUCT_NAME = "$(TARGET_NAME)";
				SWIFT_VERSION = 3.0;
				TEST_HOST = "$(BUILT_PRODUCTS_DIR)/MindValley.app/MindValley";
			};
			name = Debug;
		};
		1DE239791DE8B7A600C72940 /* Release */ = {
			isa = XCBuildConfiguration;
			buildSettings = {
				ALWAYS_EMBED_SWIFT_STANDARD_LIBRARIES = YES;
				BUNDLE_LOADER = "$(TEST_HOST)";
				DEFINES_MODULE = YES;
				DEVELOPMENT_TEAM = V477Q9C9J7;
				INFOPLIST_FILE = MindValleyTests/Info.plist;
				LD_RUNPATH_SEARCH_PATHS = "$(inherited) @executable_path/Frameworks @loader_path/Frameworks";
				PRODUCT_BUNDLE_IDENTIFIER = com.bienemann.MindValleyTests;
				PRODUCT_NAME = "$(TARGET_NAME)";
				SWIFT_VERSION = 3.0;
				TEST_HOST = "$(BUILT_PRODUCTS_DIR)/MindValley.app/MindValley";
			};
			name = Release;
		};
/* End XCBuildConfiguration section */

/* Begin XCConfigurationList section */
		1DE239521DE8B7A600C72940 /* Build configuration list for PBXProject "MindValley" */ = {
			isa = XCConfigurationList;
			buildConfigurations = (
				1DE239721DE8B7A600C72940 /* Debug */,
				1DE239731DE8B7A600C72940 /* Release */,
			);
			defaultConfigurationIsVisible = 0;
			defaultConfigurationName = Release;
		};
		1DE239741DE8B7A600C72940 /* Build configuration list for PBXNativeTarget "MindValley" */ = {
			isa = XCConfigurationList;
			buildConfigurations = (
				1DE239751DE8B7A600C72940 /* Debug */,
				1DE239761DE8B7A600C72940 /* Release */,
			);
			defaultConfigurationIsVisible = 0;
			defaultConfigurationName = Release;
		};
		1DE239771DE8B7A600C72940 /* Build configuration list for PBXNativeTarget "MindValleyTests" */ = {
			isa = XCConfigurationList;
			buildConfigurations = (
				1DE239781DE8B7A600C72940 /* Debug */,
				1DE239791DE8B7A600C72940 /* Release */,
			);
			defaultConfigurationIsVisible = 0;
			defaultConfigurationName = Release;
		};
/* End XCConfigurationList section */
	};
	rootObject = 1DE2394F1DE8B7A600C72940 /* Project object */;
}
